
Microsoft Visual Studio Solution File, Format Version 12.00
# Visual Studio Version 17
VisualStudioVersion = 17.10.35013.160
MinimumVisualStudioVersion = 10.0.40219.1
Project("{FAE04EC0-301F-11D3-BF4B-00C04F79EFBC}") = "NoCustomWeaponsCustomization", "NoCustomWeaponsCustomization\NoCustomWeaponsCustomization.csproj", "{259CE47F-37AA-45FB-919E-D69D5721F7C8}"
EndProject
Global
	GlobalSection(SolutionConfigurationPlatforms) = preSolution
		Debug|Any CPU = Debug|Any CPU
		Release|Any CPU = Release|Any CPU
	EndGlobalSection
	GlobalSection(ProjectConfigurationPlatforms) = postSolution
		{259CE47F-37AA-45FB-919E-D69D5721F7C8}.Debug|Any CPU.ActiveCfg = Debug|Any CPU
		{259CE47F-37AA-45FB-919E-D69D5721F7C8}.Debug|Any CPU.Build.0 = Debug|Any CPU
		{259CE47F-37AA-45FB-919E-D69D5721F7C8}.Release|Any CPU.ActiveCfg = Release|Any CPU
		{259CE47F-37AA-45FB-919E-D69D5721F7C8}.Release|Any CPU.Build.0 = Release|Any CPU
	EndGlobalSection
	GlobalSection(SolutionProperties) = preSolution
		HideSolutionNode = FALSE
	EndGlobalSection
	GlobalSection(ExtensibilityGlobals) = postSolution
		SolutionGuid = {75887B79-9690-4D34-BBE1-336B04285396}
	EndGlobalSection
EndGlobal
